// !$*UTF8*$!
{
	archiveVersion = 1;
	classes = {
	};
	objectVersion = 56;
	objects = {

/* Begin PBXBuildFile section */
		F86BBACB2C89AF930008537A /* SeedStoreApp.swift in Sources */ = {isa = PBXBuildFile; fileRef = F86BBACA2C89AF930008537A /* SeedStoreApp.swift */; };
		F86BBACD2C89AF930008537A /* ContentView.swift in Sources */ = {isa = PBXBuildFile; fileRef = F86BBACC2C89AF930008537A /* ContentView.swift */; };
		F86BBACF2C89AF950008537A /* Assets.xcassets in Resources */ = {isa = PBXBuildFile; fileRef = F86BBACE2C89AF950008537A /* Assets.xcassets */; };
		F86BBAD22C89AF950008537A /* Preview Assets.xcassets in Resources */ = {isa = PBXBuildFile; fileRef = F86BBAD12C89AF950008537A /* Preview Assets.xcassets */; };
		F86BBADE2C89B0100008537A /* ProductItemView.swift in Sources */ = {isa = PBXBuildFile; fileRef = F86BBADD2C89B0100008537A /* ProductItemView.swift */; };
		F86BBAE12C89B1730008537A /* StoreKitHelper.swift in Sources */ = {isa = PBXBuildFile; fileRef = F86BBAE02C89B1730008537A /* StoreKitHelper.swift */; };
		F86BBAE32C89B5060008537A /* ProductListViewModel.swift in Sources */ = {isa = PBXBuildFile; fileRef = F86BBAE22C89B5060008537A /* ProductListViewModel.swift */; };
		F86BBAE52C89B5F00008537A /* Products.storekit in Resources */ = {isa = PBXBuildFile; fileRef = F86BBAE42C89B5F00008537A /* Products.storekit */; };
/* End PBXBuildFile section */

/* Begin PBXFileReference section */
		F86BBAC72C89AF930008537A /* SeedStore.app */ = {isa = PBXFileReference; explicitFileType = wrapper.application; includeInIndex = 0; path = SeedStore.app; sourceTree = BUILT_PRODUCTS_DIR; };
		F86BBACA2C89AF930008537A /* SeedStoreApp.swift */ = {isa = PBXFileReference; lastKnownFileType = sourcecode.swift; path = SeedStoreApp.swift; sourceTree = "<group>"; };
		F86BBACC2C89AF930008537A /* ContentView.swift */ = {isa = PBXFileReference; lastKnownFileType = sourcecode.swift; path = ContentView.swift; sourceTree = "<group>"; };
		F86BBACE2C89AF950008537A /* Assets.xcassets */ = {isa = PBXFileReference; lastKnownFileType = folder.assetcatalog; path = Assets.xcassets; sourceTree = "<group>"; };
		F86BBAD12C89AF950008537A /* Preview Assets.xcassets */ = {isa = PBXFileReference; lastKnownFileType = folder.assetcatalog; path = "Preview Assets.xcassets"; sourceTree = "<group>"; };
		F86BBADD2C89B0100008537A /* ProductItemView.swift */ = {isa = PBXFileReference; lastKnownFileType = sourcecode.swift; path = ProductItemView.swift; sourceTree = "<group>"; };
		F86BBAE02C89B1730008537A /* StoreKitHelper.swift */ = {isa = PBXFileReference; lastKnownFileType = sourcecode.swift; path = StoreKitHelper.swift; sourceTree = "<group>"; };
		F86BBAE22C89B5060008537A /* ProductListViewModel.swift */ = {isa = PBXFileReference; lastKnownFileType = sourcecode.swift; path = ProductListViewModel.swift; sourceTree = "<group>"; };
		F86BBAE42C89B5F00008537A /* Products.storekit */ = {isa = PBXFileReference; fileEncoding = 4; lastKnownFileType = text; path = Products.storekit; sourceTree = "<group>"; };
/* End PBXFileReference section */

/* Begin PBXFrameworksBuildPhase section */
		F86BBAC42C89AF930008537A /* Frameworks */ = {
			isa = PBXFrameworksBuildPhase;
			buildActionMask = 2147483647;
			files = (
			);
			runOnlyForDeploymentPostprocessing = 0;
		};
/* End PBXFrameworksBuildPhase section */

/* Begin PBXGroup section */
		F86BBABE2C89AF930008537A = {
			isa = PBXGroup;
			children = (
				F86BBAC92C89AF930008537A /* SeedStore */,
				F86BBAC82C89AF930008537A /* Products */,
			);
			sourceTree = "<group>";
		};
		F86BBAC82C89AF930008537A /* Products */ = {
			isa = PBXGroup;
			children = (
				F86BBAC72C89AF930008537A /* SeedStore.app */,
			);
			name = Products;
			sourceTree = "<group>";
		};
		F86BBAC92C89AF930008537A /* SeedStore */ = {
			isa = PBXGroup;
			children = (
				F86BBAE42C89B5F00008537A /* Products.storekit */,
				F86BBACA2C89AF930008537A /* SeedStoreApp.swift */,
				F86BBADF2C89B1600008537A /* Helper */,
				F86BBAD82C89AFC20008537A /* View */,
				F86BBACE2C89AF950008537A /* Assets.xcassets */,
				F86BBAD02C89AF950008537A /* Preview Content */,
			);
			path = SeedStore;
			sourceTree = "<group>";
		};
		F86BBAD02C89AF950008537A /* Preview Content */ = {
			isa = PBXGroup;
			children = (
				F86BBAD12C89AF950008537A /* Preview Assets.xcassets */,
			);
			path = "Preview Content";
			sourceTree = "<group>";
		};
		F86BBAD82C89AFC20008537A /* View */ = {
			isa = PBXGroup;
			children = (
				F86BBACC2C89AF930008537A /* ContentView.swift */,
				F86BBAE22C89B5060008537A /* ProductListViewModel.swift */,
				F86BBADD2C89B0100008537A /* ProductItemView.swift */,
			);
			path = View;
			sourceTree = "<group>";
		};
		F86BBADF2C89B1600008537A /* Helper */ = {
			isa = PBXGroup;
			children = (
				F86BBAE02C89B1730008537A /* StoreKitHelper.swift */,
			);
			path = Helper;
			sourceTree = "<group>";
		};
/* End PBXGroup section */

/* Begin PBXNativeTarget section */
		F86BBAC62C89AF930008537A /* SeedStore */ = {
			isa = PBXNativeTarget;
			buildConfigurationList = F86BBAD52C89AF950008537A /* Build configuration list for PBXNativeTarget "SeedStore" */;
			buildPhases = (
				F86BBAC32C89AF930008537A /* Sources */,
				F86BBAC42C89AF930008537A /* Frameworks */,
				F86BBAC52C89AF930008537A /* Resources */,
			);
			buildRules = (
			);
			dependencies = (
			);
			name = SeedStore;
			productName = SeedStore;
			productReference = F86BBAC72C89AF930008537A /* SeedStore.app */;
			productType = "com.apple.product-type.application";
		};
/* End PBXNativeTarget section */

/* Begin PBXProject section */
		F86BBABF2C89AF930008537A /* Project object */ = {
			isa = PBXProject;
			attributes = {
				BuildIndependentTargetsInParallel = 1;
				LastSwiftUpdateCheck = 1540;
				LastUpgradeCheck = 1540;
				TargetAttributes = {
					F86BBAC62C89AF930008537A = {
						CreatedOnToolsVersion = 15.4;
					};
				};
			};
			buildConfigurationList = F86BBAC22C89AF930008537A /* Build configuration list for PBXProject "SeedStore" */;
			compatibilityVersion = "Xcode 14.0";
			developmentRegion = en;
			hasScannedForEncodings = 0;
			knownRegions = (
				en,
				Base,
			);
			mainGroup = F86BBABE2C89AF930008537A;
			productRefGroup = F86BBAC82C89AF930008537A /* Products */;
			projectDirPath = "";
			projectRoot = "";
			targets = (
				F86BBAC62C89AF930008537A /* SeedStore */,
			);
		};
/* End PBXProject section */

/* Begin PBXResourcesBuildPhase section */
		F86BBAC52C89AF930008537A /* Resources */ = {
			isa = PBXResourcesBuildPhase;
			buildActionMask = 2147483647;
			files = (
				F86BBAD22C89AF950008537A /* Preview Assets.xcassets in Resources */,
				F86BBAE52C89B5F00008537A /* Products.storekit in Resources */,
				F86BBACF2C89AF950008537A /* Assets.xcassets in Resources */,
			);
			runOnlyForDeploymentPostprocessing = 0;
		};
/* End PBXResourcesBuildPhase section */

/* Begin PBXSourcesBuildPhase section */
		F86BBAC32C89AF930008537A /* Sources */ = {
			isa = PBXSourcesBuildPhase;
			buildActionMask = 2147483647;
			files = (
				F86BBAE12C89B1730008537A /* StoreKitHelper.swift in Sources */,
				F86BBAE32C89B5060008537A /* ProductListViewModel.swift in Sources */,
				F86BBADE2C89B0100008537A /* ProductItemView.swift in Sources */,
				F86BBACD2C89AF930008537A /* ContentView.swift in Sources */,
				F86BBACB2C89AF930008537A /* SeedStoreApp.swift in Sources */,
			);
			runOnlyForDeploymentPostprocessing = 0;
		};
/* End PBXSourcesBuildPhase section */

/* Begin XCBuildConfiguration section */
		F86BBAD32C89AF950008537A /* Debug */ = {
			isa = XCBuildConfiguration;
			buildSettings = {
				ALWAYS_SEARCH_USER_PATHS = NO;
				ASSETCATALOG_COMPILER_GENERATE_SWIFT_ASSET_SYMBOL_EXTENSIONS = YES;
				CLANG_ANALYZER_NONNULL = YES;
				CLANG_ANALYZER_NUMBER_OBJECT_CONVERSION = YES_AGGRESSIVE;
				CLANG_CXX_LANGUAGE_STANDARD = "gnu++20";
				CLANG_ENABLE_MODULES = YES;
				CLANG_ENABLE_OBJC_ARC = YES;
				CLANG_ENABLE_OBJC_WEAK = YES;
				CLANG_WARN_BLOCK_CAPTURE_AUTORELEASING = YES;
				CLANG_WARN_BOOL_CONVERSION = YES;
				CLANG_WARN_COMMA = YES;
				CLANG_WARN_CONSTANT_CONVERSION = YES;
				CLANG_WARN_DEPRECATED_OBJC_IMPLEMENTATIONS = YES;
				CLANG_WARN_DIRECT_OBJC_ISA_USAGE = YES_ERROR;
				CLANG_WARN_DOCUMENTATION_COMMENTS = YES;
				CLANG_WARN_EMPTY_BODY = YES;
				CLANG_WARN_ENUM_CONVERSION = YES;
				CLANG_WARN_INFINITE_RECURSION = YES;
				CLANG_WARN_INT_CONVERSION = YES;
				CLANG_WARN_NON_LITERAL_NULL_CONVERSION = YES;
				CLANG_WARN_OBJC_IMPLICIT_RETAIN_SELF = YES;
				CLANG_WARN_OBJC_LITERAL_CONVERSION = YES;
				CLANG_WARN_OBJC_ROOT_CLASS = YES_ERROR;
				CLANG_WARN_QUOTED_INCLUDE_IN_FRAMEWORK_HEADER = YES;
				CLANG_WARN_RANGE_LOOP_ANALYSIS = YES;
				CLANG_WARN_STRICT_PROTOTYPES = YES;
				CLANG_WARN_SUSPICIOUS_MOVE = YES;
				CLANG_WARN_UNGUARDED_AVAILABILITY = YES_AGGRESSIVE;
				CLANG_WARN_UNREACHABLE_CODE = YES;
				CLANG_WARN__DUPLICATE_METHOD_MATCH = YES;
				COPY_PHASE_STRIP = NO;
				DEBUG_INFORMATION_FORMAT = dwarf;
				ENABLE_STRICT_OBJC_MSGSEND = YES;
				ENABLE_TESTABILITY = YES;
				ENABLE_USER_SCRIPT_SANDBOXING = YES;
				GCC_C_LANGUAGE_STANDARD = gnu17;
				GCC_DYNAMIC_NO_PIC = NO;
				GCC_NO_COMMON_BLOCKS = YES;
				GCC_OPTIMIZATION_LEVEL = 0;
				GCC_PREPROCESSOR_DEFINITIONS = (
					"DEBUG=1",
					"$(inherited)",
				);
				GCC_WARN_64_TO_32_BIT_CONVERSION = YES;
				GCC_WARN_ABOUT_RETURN_TYPE = YES_ERROR;
				GCC_WARN_UNDECLARED_SELECTOR = YES;
				GCC_WARN_UNINITIALIZED_AUTOS = YES_AGGRESSIVE;
				GCC_WARN_UNUSED_FUNCTION = YES;
				GCC_WARN_UNUSED_VARIABLE = YES;
				IPHONEOS_DEPLOYMENT_TARGET = 17.5;
				LOCALIZATION_PREFERS_STRING_CATALOGS = YES;
				MTL_ENABLE_DEBUG_INFO = INCLUDE_SOURCE;
				MTL_FAST_MATH = YES;
				ONLY_ACTIVE_ARCH = YES;
				SDKROOT = iphoneos;
				SWIFT_ACTIVE_COMPILATION_CONDITIONS = "DEBUG $(inherited)";
				SWIFT_OPTIMIZATION_LEVEL = "-Onone";
			};
			name = Debug;
		};
		F86BBAD42C89AF950008537A /* Release */ = {
			isa = XCBuildConfiguration;
			buildSettings = {
				ALWAYS_SEARCH_USER_PATHS = NO;
				ASSETCATALOG_COMPILER_GENERATE_SWIFT_ASSET_SYMBOL_EXTENSIONS = YES;
				CLANG_ANALYZER_NONNULL = YES;
				CLANG_ANALYZER_NUMBER_OBJECT_CONVERSION = YES_AGGRESSIVE;
				CLANG_CXX_LANGUAGE_STANDARD = "gnu++20";
				CLANG_ENABLE_MODULES = YES;
				CLANG_ENABLE_OBJC_ARC = YES;
				CLANG_ENABLE_OBJC_WEAK = YES;
				CLANG_WARN_BLOCK_CAPTURE_AUTORELEASING = YES;
				CLANG_WARN_BOOL_CONVERSION = YES;
				CLANG_WARN_COMMA = YES;
				CLANG_WARN_CONSTANT_CONVERSION = YES;
				CLANG_WARN_DEPRECATED_OBJC_IMPLEMENTATIONS = YES;
				CLANG_WARN_DIRECT_OBJC_ISA_USAGE = YES_ERROR;
				CLANG_WARN_DOCUMENTATION_COMMENTS = YES;
				CLANG_WARN_EMPTY_BODY = YES;
				CLANG_WARN_ENUM_CONVERSION = YES;
				CLANG_WARN_INFINITE_RECURSION = YES;
				CLANG_WARN_INT_CONVERSION = YES;
				CLANG_WARN_NON_LITERAL_NULL_CONVERSION = YES;
				CLANG_WARN_OBJC_IMPLICIT_RETAIN_SELF = YES;
				CLANG_WARN_OBJC_LITERAL_CONVERSION = YES;
				CLANG_WARN_OBJC_ROOT_CLASS = YES_ERROR;
				CLANG_WARN_QUOTED_INCLUDE_IN_FRAMEWORK_HEADER = YES;
				CLANG_WARN_RANGE_LOOP_ANALYSIS = YES;
				CLANG_WARN_STRICT_PROTOTYPES = YES;
				CLANG_WARN_SUSPICIOUS_MOVE = YES;
				CLANG_WARN_UNGUARDED_AVAILABILITY = YES_AGGRESSIVE;
				CLANG_WARN_UNREACHABLE_CODE = YES;
				CLANG_WARN__DUPLICATE_METHOD_MATCH = YES;
				COPY_PHASE_STRIP = NO;
				DEBUG_INFORMATION_FORMAT = "dwarf-with-dsym";
				ENABLE_NS_ASSERTIONS = NO;
				ENABLE_STRICT_OBJC_MSGSEND = YES;
				ENABLE_USER_SCRIPT_SANDBOXING = YES;
				GCC_C_LANGUAGE_STANDARD = gnu17;
				GCC_NO_COMMON_BLOCKS = YES;
				GCC_WARN_64_TO_32_BIT_CONVERSION = YES;
				GCC_WARN_ABOUT_RETURN_TYPE = YES_ERROR;
				GCC_WARN_UNDECLARED_SELECTOR = YES;
				GCC_WARN_UNINITIALIZED_AUTOS = YES_AGGRESSIVE;
				GCC_WARN_UNUSED_FUNCTION = YES;
				GCC_WARN_UNUSED_VARIABLE = YES;
				IPHONEOS_DEPLOYMENT_TARGET = 17.5;
				LOCALIZATION_PREFERS_STRING_CATALOGS = YES;
				MTL_ENABLE_DEBUG_INFO = NO;
				MTL_FAST_MATH = YES;
				SDKROOT = iphoneos;
				SWIFT_COMPILATION_MODE = wholemodule;
				VALIDATE_PRODUCT = YES;
			};
			name = Release;
		};
		F86BBAD62C89AF950008537A /* Debug */ = {
			isa = XCBuildConfiguration;
			buildSettings = {
				ASSETCATALOG_COMPILER_APPICON_NAME = AppIcon;
				ASSETCATALOG_COMPILER_GLOBAL_ACCENT_COLOR_NAME = AccentColor;
				CODE_SIGN_STYLE = Automatic;
				CURRENT_PROJECT_VERSION = 1;
				DEVELOPMENT_ASSET_PATHS = "\"SeedStore/Preview Content\"";
				DEVELOPMENT_TEAM = W84329STPY;
				ENABLE_PREVIEWS = YES;
				GENERATE_INFOPLIST_FILE = YES;
				INFOPLIST_KEY_UIApplicationSceneManifest_Generation = YES;
				INFOPLIST_KEY_UIApplicationSupportsIndirectInputEvents = YES;
				INFOPLIST_KEY_UILaunchScreen_Generation = YES;
				INFOPLIST_KEY_UISupportedInterfaceOrientations_iPad = "UIInterfaceOrientationPortrait UIInterfaceOrientationPortraitUpsideDown UIInterfaceOrientationLandscapeLeft UIInterfaceOrientationLandscapeRight";
				INFOPLIST_KEY_UISupportedInterfaceOrientations_iPhone = "UIInterfaceOrientationPortrait UIInterfaceOrientationLandscapeLeft UIInterfaceOrientationLandscapeRight";
				LD_RUNPATH_SEARCH_PATHS = (
					"$(inherited)",
					"@executable_path/Frameworks",
				);
				MARKETING_VERSION = 1.0;
				PRODUCT_BUNDLE_IDENTIFIER = com.athoya.SeedStore;
				PRODUCT_NAME = "$(TARGET_NAME)";
				SWIFT_EMIT_LOC_STRINGS = YES;
				SWIFT_VERSION = 5.0;
				TARGETED_DEVICE_FAMILY = "1,2";
			};
			name = Debug;
		};
		F86BBAD72C89AF950008537A /* Release */ = {
			isa = XCBuildConfiguration;
			buildSettings = {
				ASSETCATALOG_COMPILER_APPICON_NAME = AppIcon;
				ASSETCATALOG_COMPILER_GLOBAL_ACCENT_COLOR_NAME = AccentColor;
				CODE_SIGN_STYLE = Automatic;
				CURRENT_PROJECT_VERSION = 1;
				DEVELOPMENT_ASSET_PATHS = "\"SeedStore/Preview Content\"";
				DEVELOPMENT_TEAM = W84329STPY;
				ENABLE_PREVIEWS = YES;
				GENERATE_INFOPLIST_FILE = YES;
				INFOPLIST_KEY_UIApplicationSceneManifest_Generation = YES;
				INFOPLIST_KEY_UIApplicationSupportsIndirectInputEvents = YES;
				INFOPLIST_KEY_UILaunchScreen_Generation = YES;
				INFOPLIST_KEY_UISupportedInterfaceOrientations_iPad = "UIInterfaceOrientationPortrait UIInterfaceOrientationPortraitUpsideDown UIInterfaceOrientationLandscapeLeft UIInterfaceOrientationLandscapeRight";
				INFOPLIST_KEY_UISupportedInterfaceOrientations_iPhone = "UIInterfaceOrientationPortrait UIInterfaceOrientationLandscapeLeft UIInterfaceOrientationLandscapeRight";
				LD_RUNPATH_SEARCH_PATHS = (
					"$(inherited)",
					"@executable_path/Frameworks",
				);
				MARKETING_VERSION = 1.0;
				PRODUCT_BUNDLE_IDENTIFIER = com.athoya.SeedStore;
				PRODUCT_NAME = "$(TARGET_NAME)";
				SWIFT_EMIT_LOC_STRINGS = YES;
				SWIFT_VERSION = 5.0;
				TARGETED_DEVICE_FAMILY = "1,2";
			};
			name = Release;
		};
/* End XCBuildConfiguration section */

/* Begin XCConfigurationList section */
		F86BBAC22C89AF930008537A /* Build configuration list for PBXProject "SeedStore" */ = {
			isa = XCConfigurationList;
			buildConfigurations = (
				F86BBAD32C89AF950008537A /* Debug */,
				F86BBAD42C89AF950008537A /* Release */,
			);
			defaultConfigurationIsVisible = 0;
			defaultConfigurationName = Release;
		};
		F86BBAD52C89AF950008537A /* Build configuration list for PBXNativeTarget "SeedStore" */ = {
			isa = XCConfigurationList;
			buildConfigurations = (
				F86BBAD62C89AF950008537A /* Debug */,
				F86BBAD72C89AF950008537A /* Release */,
			);
			defaultConfigurationIsVisible = 0;
			defaultConfigurationName = Release;
		};
/* End XCConfigurationList section */
	};
	rootObject = F86BBABF2C89AF930008537A /* Project object */;
}
